// !$*UTF8*$!
{
	archiveVersion = 1;
	classes = {
	};
	objectVersion = 50;
	objects = {

/* Begin PBXBuildFile section */
		DF9A8770252C4CC2004B325E /* QuizuViewController.swift in Sources */ = {isa = PBXBuildFile; fileRef = DF9A876F252C4CC2004B325E /* QuizuViewController.swift */; };
		DFE257ED252C53A400AA878A /* quiz.csv in Resources */ = {isa = PBXBuildFile; fileRef = DFE257EC252C53A400AA878A /* quiz.csv */; };
		DFE257F5252C5E7700AA878A /* quiz2.csv in Resources */ = {isa = PBXBuildFile; fileRef = DFE257F4252C5E7700AA878A /* quiz2.csv */; };
		DFE25800252C7EE600AA878A /* quiz3.csv in Resources */ = {isa = PBXBuildFile; fileRef = DFE257FF252C7EE600AA878A /* quiz3.csv */; };
		DFE25805252C816400AA878A /* QuestionSelector.swift in Sources */ = {isa = PBXBuildFile; fileRef = DFE25804252C816400AA878A /* QuestionSelector.swift */; };
		DFFF68CB252AB45B00C9A4D5 /* AppDelegate.swift in Sources */ = {isa = PBXBuildFile; fileRef = DFFF68CA252AB45B00C9A4D5 /* AppDelegate.swift */; };
		DFFF68CD252AB45B00C9A4D5 /* SceneDelegate.swift in Sources */ = {isa = PBXBuildFile; fileRef = DFFF68CC252AB45B00C9A4D5 /* SceneDelegate.swift */; };
		DFFF68CF252AB45B00C9A4D5 /* ViewController.swift in Sources */ = {isa = PBXBuildFile; fileRef = DFFF68CE252AB45B00C9A4D5 /* ViewController.swift */; };
		DFFF68D2252AB45B00C9A4D5 /* Main.storyboard in Resources */ = {isa = PBXBuildFile; fileRef = DFFF68D0252AB45B00C9A4D5 /* Main.storyboard */; };
		DFFF68D4252AB45D00C9A4D5 /* Assets.xcassets in Resources */ = {isa = PBXBuildFile; fileRef = DFFF68D3252AB45D00C9A4D5 /* Assets.xcassets */; };
		DFFF68D7252AB45D00C9A4D5 /* LaunchScreen.storyboard in Resources */ = {isa = PBXBuildFile; fileRef = DFFF68D5252AB45D00C9A4D5 /* LaunchScreen.storyboard */; };
		DFFF68E2252AB45D00C9A4D5 /* Quizu2020Tests.swift in Sources */ = {isa = PBXBuildFile; fileRef = DFFF68E1252AB45D00C9A4D5 /* Quizu2020Tests.swift */; };
		DFFF68ED252AB45D00C9A4D5 /* Quizu2020UITests.swift in Sources */ = {isa = PBXBuildFile; fileRef = DFFF68EC252AB45D00C9A4D5 /* Quizu2020UITests.swift */; };
		DFFF6907252AB65B00C9A4D5 /* EntryNameViewController.swift in Sources */ = {isa = PBXBuildFile; fileRef = DFFF6906252AB65B00C9A4D5 /* EntryNameViewController.swift */; };
		DFFF690F252AB67B00C9A4D5 /* SelectGenreViewController.swift in Sources */ = {isa = PBXBuildFile; fileRef = DFFF690E252AB67B00C9A4D5 /* SelectGenreViewController.swift */; };
		DFFF6914252B1EC000C9A4D5 /* ScoreViewController.swift in Sources */ = {isa = PBXBuildFile; fileRef = DFFF6913252B1EC000C9A4D5 /* ScoreViewController.swift */; };
/* End PBXBuildFile section */

/* Begin PBXContainerItemProxy section */
		DFFF68DE252AB45D00C9A4D5 /* PBXContainerItemProxy */ = {
			isa = PBXContainerItemProxy;
			containerPortal = DFFF68BF252AB45B00C9A4D5 /* Project object */;
			proxyType = 1;
			remoteGlobalIDString = DFFF68C6252AB45B00C9A4D5;
			remoteInfo = Quizu2020;
		};
		DFFF68E9252AB45D00C9A4D5 /* PBXContainerItemProxy */ = {
			isa = PBXContainerItemProxy;
			containerPortal = DFFF68BF252AB45B00C9A4D5 /* Project object */;
			proxyType = 1;
			remoteGlobalIDString = DFFF68C6252AB45B00C9A4D5;
			remoteInfo = Quizu2020;
		};
/* End PBXContainerItemProxy section */

/* Begin PBXFileReference section */
		DF9A876F252C4CC2004B325E /* QuizuViewController.swift */ = {isa = PBXFileReference; lastKnownFileType = sourcecode.swift; path = QuizuViewController.swift; sourceTree = "<group>"; };
		DFE257EC252C53A400AA878A /* quiz.csv */ = {isa = PBXFileReference; lastKnownFileType = text; path = quiz.csv; sourceTree = "<group>"; };
		DFE257F4252C5E7700AA878A /* quiz2.csv */ = {isa = PBXFileReference; lastKnownFileType = text; path = quiz2.csv; sourceTree = "<group>"; };
		DFE257FF252C7EE600AA878A /* quiz3.csv */ = {isa = PBXFileReference; lastKnownFileType = text; path = quiz3.csv; sourceTree = "<group>"; };
		DFE25804252C816400AA878A /* QuestionSelector.swift */ = {isa = PBXFileReference; lastKnownFileType = sourcecode.swift; path = QuestionSelector.swift; sourceTree = "<group>"; };
		DFFF68C7252AB45B00C9A4D5 /* Quizu2020.app */ = {isa = PBXFileReference; explicitFileType = wrapper.application; includeInIndex = 0; path = Quizu2020.app; sourceTree = BUILT_PRODUCTS_DIR; };
		DFFF68CA252AB45B00C9A4D5 /* AppDelegate.swift */ = {isa = PBXFileReference; lastKnownFileType = sourcecode.swift; path = AppDelegate.swift; sourceTree = "<group>"; };
		DFFF68CC252AB45B00C9A4D5 /* SceneDelegate.swift */ = {isa = PBXFileReference; lastKnownFileType = sourcecode.swift; path = SceneDelegate.swift; sourceTree = "<group>"; };
		DFFF68CE252AB45B00C9A4D5 /* ViewController.swift */ = {isa = PBXFileReference; lastKnownFileType = sourcecode.swift; path = ViewController.swift; sourceTree = "<group>"; };
		DFFF68D1252AB45B00C9A4D5 /* Base */ = {isa = PBXFileReference; lastKnownFileType = file.storyboard; name = Base; path = Base.lproj/Main.storyboard; sourceTree = "<group>"; };
		DFFF68D3252AB45D00C9A4D5 /* Assets.xcassets */ = {isa = PBXFileReference; lastKnownFileType = folder.assetcatalog; path = Assets.xcassets; sourceTree = "<group>"; };
		DFFF68D6252AB45D00C9A4D5 /* Base */ = {isa = PBXFileReference; lastKnownFileType = file.storyboard; name = Base; path = Base.lproj/LaunchScreen.storyboard; sourceTree = "<group>"; };
		DFFF68D8252AB45D00C9A4D5 /* Info.plist */ = {isa = PBXFileReference; lastKnownFileType = text.plist.xml; path = Info.plist; sourceTree = "<group>"; };
		DFFF68DD252AB45D00C9A4D5 /* Quizu2020Tests.xctest */ = {isa = PBXFileReference; explicitFileType = wrapper.cfbundle; includeInIndex = 0; path = Quizu2020Tests.xctest; sourceTree = BUILT_PRODUCTS_DIR; };
		DFFF68E1252AB45D00C9A4D5 /* Quizu2020Tests.swift */ = {isa = PBXFileReference; lastKnownFileType = sourcecode.swift; path = Quizu2020Tests.swift; sourceTree = "<group>"; };
		DFFF68E3252AB45D00C9A4D5 /* Info.plist */ = {isa = PBXFileReference; lastKnownFileType = text.plist.xml; path = Info.plist; sourceTree = "<group>"; };
		DFFF68E8252AB45D00C9A4D5 /* Quizu2020UITests.xctest */ = {isa = PBXFileReference; explicitFileType = wrapper.cfbundle; includeInIndex = 0; path = Quizu2020UITests.xctest; sourceTree = BUILT_PRODUCTS_DIR; };
		DFFF68EC252AB45D00C9A4D5 /* Quizu2020UITests.swift */ = {isa = PBXFileReference; lastKnownFileType = sourcecode.swift; path = Quizu2020UITests.swift; sourceTree = "<group>"; };
		DFFF68EE252AB45D00C9A4D5 /* Info.plist */ = {isa = PBXFileReference; lastKnownFileType = text.plist.xml; path = Info.plist; sourceTree = "<group>"; };
		DFFF6906252AB65B00C9A4D5 /* EntryNameViewController.swift */ = {isa = PBXFileReference; lastKnownFileType = sourcecode.swift; path = EntryNameViewController.swift; sourceTree = "<group>"; };
		DFFF690E252AB67B00C9A4D5 /* SelectGenreViewController.swift */ = {isa = PBXFileReference; lastKnownFileType = sourcecode.swift; path = SelectGenreViewController.swift; sourceTree = "<group>"; };
		DFFF6913252B1EC000C9A4D5 /* ScoreViewController.swift */ = {isa = PBXFileReference; lastKnownFileType = sourcecode.swift; path = ScoreViewController.swift; sourceTree = "<group>"; };
/* End PBXFileReference section */

/* Begin PBXFrameworksBuildPhase section */
		DFFF68C4252AB45B00C9A4D5 /* Frameworks */ = {
			isa = PBXFrameworksBuildPhase;
			buildActionMask = 2147483647;
			files = (
			);
			runOnlyForDeploymentPostprocessing = 0;
		};
		DFFF68DA252AB45D00C9A4D5 /* Frameworks */ = {
			isa = PBXFrameworksBuildPhase;
			buildActionMask = 2147483647;
			files = (
			);
			runOnlyForDeploymentPostprocessing = 0;
		};
		DFFF68E5252AB45D00C9A4D5 /* Frameworks */ = {
			isa = PBXFrameworksBuildPhase;
			buildActionMask = 2147483647;
			files = (
			);
			runOnlyForDeploymentPostprocessing = 0;
		};
/* End PBXFrameworksBuildPhase section */

/* Begin PBXGroup section */
		DFFF68BE252AB45B00C9A4D5 = {
			isa = PBXGroup;
			children = (
				DFFF68C9252AB45B00C9A4D5 /* Quizu2020 */,
				DFFF68E0252AB45D00C9A4D5 /* Quizu2020Tests */,
				DFFF68EB252AB45D00C9A4D5 /* Quizu2020UITests */,
				DFFF68C8252AB45B00C9A4D5 /* Products */,
			);
			sourceTree = "<group>";
		};
		DFFF68C8252AB45B00C9A4D5 /* Products */ = {
			isa = PBXGroup;
			children = (
				DFFF68C7252AB45B00C9A4D5 /* Quizu2020.app */,
				DFFF68DD252AB45D00C9A4D5 /* Quizu2020Tests.xctest */,
				DFFF68E8252AB45D00C9A4D5 /* Quizu2020UITests.xctest */,
			);
			name = Products;
			sourceTree = "<group>";
		};
		DFFF68C9252AB45B00C9A4D5 /* Quizu2020 */ = {
			isa = PBXGroup;
			children = (
				DFFF6900252AB54C00C9A4D5 /* Model */,
				DFFF6901252AB55100C9A4D5 /* View */,
				DFFF6902252AB55700C9A4D5 /* Controller */,
				DFFF68CA252AB45B00C9A4D5 /* AppDelegate.swift */,
				DFFF68CC252AB45B00C9A4D5 /* SceneDelegate.swift */,
				DFFF68D8252AB45D00C9A4D5 /* Info.plist */,
				DFE257EC252C53A400AA878A /* quiz.csv */,
				DFE257F4252C5E7700AA878A /* quiz2.csv */,
				DFE257FF252C7EE600AA878A /* quiz3.csv */,
			);
			path = Quizu2020;
			sourceTree = "<group>";
		};
		DFFF68E0252AB45D00C9A4D5 /* Quizu2020Tests */ = {
			isa = PBXGroup;
			children = (
				DFFF68E1252AB45D00C9A4D5 /* Quizu2020Tests.swift */,
				DFFF68E3252AB45D00C9A4D5 /* Info.plist */,
			);
			path = Quizu2020Tests;
			sourceTree = "<group>";
		};
		DFFF68EB252AB45D00C9A4D5 /* Quizu2020UITests */ = {
			isa = PBXGroup;
			children = (
				DFFF68EC252AB45D00C9A4D5 /* Quizu2020UITests.swift */,
				DFFF68EE252AB45D00C9A4D5 /* Info.plist */,
			);
			path = Quizu2020UITests;
			sourceTree = "<group>";
		};
		DFFF6900252AB54C00C9A4D5 /* Model */ = {
			isa = PBXGroup;
			children = (
				DFFF68D3252AB45D00C9A4D5 /* Assets.xcassets */,
				DFE25804252C816400AA878A /* QuestionSelector.swift */,
			);
			path = Model;
			sourceTree = "<group>";
		};
		DFFF6901252AB55100C9A4D5 /* View */ = {
			isa = PBXGroup;
			children = (
				DFFF68D0252AB45B00C9A4D5 /* Main.storyboard */,
				DFFF68D5252AB45D00C9A4D5 /* LaunchScreen.storyboard */,
			);
			path = View;
			sourceTree = "<group>";
		};
		DFFF6902252AB55700C9A4D5 /* Controller */ = {
			isa = PBXGroup;
			children = (
				DFFF68CE252AB45B00C9A4D5 /* ViewController.swift */,
				DFFF6906252AB65B00C9A4D5 /* EntryNameViewController.swift */,
				DFFF690E252AB67B00C9A4D5 /* SelectGenreViewController.swift */,
				DF9A876F252C4CC2004B325E /* QuizuViewController.swift */,
				DFFF6913252B1EC000C9A4D5 /* ScoreViewController.swift */,
			);
			path = Controller;
			sourceTree = "<group>";
		};
/* End PBXGroup section */

/* Begin PBXNativeTarget section */
		DFFF68C6252AB45B00C9A4D5 /* Quizu2020 */ = {
			isa = PBXNativeTarget;
			buildConfigurationList = DFFF68F1252AB45D00C9A4D5 /* Build configuration list for PBXNativeTarget "Quizu2020" */;
			buildPhases = (
				DFFF68C3252AB45B00C9A4D5 /* Sources */,
				DFFF68C4252AB45B00C9A4D5 /* Frameworks */,
				DFFF68C5252AB45B00C9A4D5 /* Resources */,
			);
			buildRules = (
			);
			dependencies = (
			);
			name = Quizu2020;
			productName = Quizu2020;
			productReference = DFFF68C7252AB45B00C9A4D5 /* Quizu2020.app */;
			productType = "com.apple.product-type.application";
		};
		DFFF68DC252AB45D00C9A4D5 /* Quizu2020Tests */ = {
			isa = PBXNativeTarget;
			buildConfigurationList = DFFF68F4252AB45D00C9A4D5 /* Build configuration list for PBXNativeTarget "Quizu2020Tests" */;
			buildPhases = (
				DFFF68D9252AB45D00C9A4D5 /* Sources */,
				DFFF68DA252AB45D00C9A4D5 /* Frameworks */,
				DFFF68DB252AB45D00C9A4D5 /* Resources */,
			);
			buildRules = (
			);
			dependencies = (
				DFFF68DF252AB45D00C9A4D5 /* PBXTargetDependency */,
			);
			name = Quizu2020Tests;
			productName = Quizu2020Tests;
			productReference = DFFF68DD252AB45D00C9A4D5 /* Quizu2020Tests.xctest */;
			productType = "com.apple.product-type.bundle.unit-test";
		};
		DFFF68E7252AB45D00C9A4D5 /* Quizu2020UITests */ = {
			isa = PBXNativeTarget;
			buildConfigurationList = DFFF68F7252AB45D00C9A4D5 /* Build configuration list for PBXNativeTarget "Quizu2020UITests" */;
			buildPhases = (
				DFFF68E4252AB45D00C9A4D5 /* Sources */,
				DFFF68E5252AB45D00C9A4D5 /* Frameworks */,
				DFFF68E6252AB45D00C9A4D5 /* Resources */,
			);
			buildRules = (
			);
			dependencies = (
				DFFF68EA252AB45D00C9A4D5 /* PBXTargetDependency */,
			);
			name = Quizu2020UITests;
			productName = Quizu2020UITests;
			productReference = DFFF68E8252AB45D00C9A4D5 /* Quizu2020UITests.xctest */;
			productType = "com.apple.product-type.bundle.ui-testing";
		};
/* End PBXNativeTarget section */

/* Begin PBXProject section */
		DFFF68BF252AB45B00C9A4D5 /* Project object */ = {
			isa = PBXProject;
			attributes = {
				LastSwiftUpdateCheck = 1200;
				LastUpgradeCheck = 1200;
				TargetAttributes = {
					DFFF68C6252AB45B00C9A4D5 = {
						CreatedOnToolsVersion = 12.0.1;
					};
					DFFF68DC252AB45D00C9A4D5 = {
						CreatedOnToolsVersion = 12.0.1;
						TestTargetID = DFFF68C6252AB45B00C9A4D5;
					};
					DFFF68E7252AB45D00C9A4D5 = {
						CreatedOnToolsVersion = 12.0.1;
						TestTargetID = DFFF68C6252AB45B00C9A4D5;
					};
				};
			};
			buildConfigurationList = DFFF68C2252AB45B00C9A4D5 /* Build configuration list for PBXProject "Quizu2020" */;
			compatibilityVersion = "Xcode 9.3";
			developmentRegion = en;
			hasScannedForEncodings = 0;
			knownRegions = (
				en,
				Base,
			);
			mainGroup = DFFF68BE252AB45B00C9A4D5;
			productRefGroup = DFFF68C8252AB45B00C9A4D5 /* Products */;
			projectDirPath = "";
			projectRoot = "";
			targets = (
				DFFF68C6252AB45B00C9A4D5 /* Quizu2020 */,
				DFFF68DC252AB45D00C9A4D5 /* Quizu2020Tests */,
				DFFF68E7252AB45D00C9A4D5 /* Quizu2020UITests */,
			);
		};
/* End PBXProject section */

/* Begin PBXResourcesBuildPhase section */
		DFFF68C5252AB45B00C9A4D5 /* Resources */ = {
			isa = PBXResourcesBuildPhase;
			buildActionMask = 2147483647;
			files = (
				DFFF68D7252AB45D00C9A4D5 /* LaunchScreen.storyboard in Resources */,
				DFFF68D4252AB45D00C9A4D5 /* Assets.xcassets in Resources */,
				DFFF68D2252AB45B00C9A4D5 /* Main.storyboard in Resources */,
				DFE257F5252C5E7700AA878A /* quiz2.csv in Resources */,
				DFE257ED252C53A400AA878A /* quiz.csv in Resources */,
				DFE25800252C7EE600AA878A /* quiz3.csv in Resources */,
			);
			runOnlyForDeploymentPostprocessing = 0;
		};
		DFFF68DB252AB45D00C9A4D5 /* Resources */ = {
			isa = PBXResourcesBuildPhase;
			buildActionMask = 2147483647;
			files = (
			);
			runOnlyForDeploymentPostprocessing = 0;
		};
		DFFF68E6252AB45D00C9A4D5 /* Resources */ = {
			isa = PBXResourcesBuildPhase;
			buildActionMask = 2147483647;
			files = (
			);
			runOnlyForDeploymentPostprocessing = 0;
		};
/* End PBXResourcesBuildPhase section */

/* Begin PBXSourcesBuildPhase section */
		DFFF68C3252AB45B00C9A4D5 /* Sources */ = {
			isa = PBXSourcesBuildPhase;
			buildActionMask = 2147483647;
			files = (
				DFFF68CF252AB45B00C9A4D5 /* ViewController.swift in Sources */,
				DFFF68CB252AB45B00C9A4D5 /* AppDelegate.swift in Sources */,
				DFE25805252C816400AA878A /* QuestionSelector.swift in Sources */,
				DFFF690F252AB67B00C9A4D5 /* SelectGenreViewController.swift in Sources */,
				DFFF6907252AB65B00C9A4D5 /* EntryNameViewController.swift in Sources */,
				DFFF68CD252AB45B00C9A4D5 /* SceneDelegate.swift in Sources */,
				DF9A8770252C4CC2004B325E /* QuizuViewController.swift in Sources */,
				DFFF6914252B1EC000C9A4D5 /* ScoreViewController.swift in Sources */,
			);
			runOnlyForDeploymentPostprocessing = 0;
		};
		DFFF68D9252AB45D00C9A4D5 /* Sources */ = {
			isa = PBXSourcesBuildPhase;
			buildActionMask = 2147483647;
			files = (
				DFFF68E2252AB45D00C9A4D5 /* Quizu2020Tests.swift in Sources */,
			);
			runOnlyForDeploymentPostprocessing = 0;
		};
		DFFF68E4252AB45D00C9A4D5 /* Sources */ = {
			isa = PBXSourcesBuildPhase;
			buildActionMask = 2147483647;
			files = (
				DFFF68ED252AB45D00C9A4D5 /* Quizu2020UITests.swift in Sources */,
			);
			runOnlyForDeploymentPostprocessing = 0;
		};
/* End PBXSourcesBuildPhase section */

/* Begin PBXTargetDependency section */
		DFFF68DF252AB45D00C9A4D5 /* PBXTargetDependency */ = {
			isa = PBXTargetDependency;
			target = DFFF68C6252AB45B00C9A4D5 /* Quizu2020 */;
			targetProxy = DFFF68DE252AB45D00C9A4D5 /* PBXContainerItemProxy */;
		};
		DFFF68EA252AB45D00C9A4D5 /* PBXTargetDependency */ = {
			isa = PBXTargetDependency;
			target = DFFF68C6252AB45B00C9A4D5 /* Quizu2020 */;
			targetProxy = DFFF68E9252AB45D00C9A4D5 /* PBXContainerItemProxy */;
		};
/* End PBXTargetDependency section */

/* Begin PBXVariantGroup section */
		DFFF68D0252AB45B00C9A4D5 /* Main.storyboard */ = {
			isa = PBXVariantGroup;
			children = (
				DFFF68D1252AB45B00C9A4D5 /* Base */,
			);
			name = Main.storyboard;
			sourceTree = "<group>";
		};
		DFFF68D5252AB45D00C9A4D5 /* LaunchScreen.storyboard */ = {
			isa = PBXVariantGroup;
			children = (
				DFFF68D6252AB45D00C9A4D5 /* Base */,
			);
			name = LaunchScreen.storyboard;
			sourceTree = "<group>";
		};
/* End PBXVariantGroup section */

/* Begin XCBuildConfiguration section */
		DFFF68EF252AB45D00C9A4D5 /* Debug */ = {
			isa = XCBuildConfiguration;
			buildSettings = {
				ALWAYS_SEARCH_USER_PATHS = NO;
				CLANG_ANALYZER_NONNULL = YES;
				CLANG_ANALYZER_NUMBER_OBJECT_CONVERSION = YES_AGGRESSIVE;
				CLANG_CXX_LANGUAGE_STANDARD = "gnu++14";
				CLANG_CXX_LIBRARY = "libc++";
				CLANG_ENABLE_MODULES = YES;
				CLANG_ENABLE_OBJC_ARC = YES;
				CLANG_ENABLE_OBJC_WEAK = YES;
				CLANG_WARN_BLOCK_CAPTURE_AUTORELEASING = YES;
				CLANG_WARN_BOOL_CONVERSION = YES;
				CLANG_WARN_COMMA = YES;
				CLANG_WARN_CONSTANT_CONVERSION = YES;
				CLANG_WARN_DEPRECATED_OBJC_IMPLEMENTATIONS = YES;
				CLANG_WARN_DIRECT_OBJC_ISA_USAGE = YES_ERROR;
				CLANG_WARN_DOCUMENTATION_COMMENTS = YES;
				CLANG_WARN_EMPTY_BODY = YES;
				CLANG_WARN_ENUM_CONVERSION = YES;
				CLANG_WARN_INFINITE_RECURSION = YES;
				CLANG_WARN_INT_CONVERSION = YES;
				CLANG_WARN_NON_LITERAL_NULL_CONVERSION = YES;
				CLANG_WARN_OBJC_IMPLICIT_RETAIN_SELF = YES;
				CLANG_WARN_OBJC_LITERAL_CONVERSION = YES;
				CLANG_WARN_OBJC_ROOT_CLASS = YES_ERROR;
				CLANG_WARN_QUOTED_INCLUDE_IN_FRAMEWORK_HEADER = YES;
				CLANG_WARN_RANGE_LOOP_ANALYSIS = YES;
				CLANG_WARN_STRICT_PROTOTYPES = YES;
				CLANG_WARN_SUSPICIOUS_MOVE = YES;
				CLANG_WARN_UNGUARDED_AVAILABILITY = YES_AGGRESSIVE;
				CLANG_WARN_UNREACHABLE_CODE = YES;
				CLANG_WARN__DUPLICATE_METHOD_MATCH = YES;
				COPY_PHASE_STRIP = NO;
				DEBUG_INFORMATION_FORMAT = dwarf;
				ENABLE_STRICT_OBJC_MSGSEND = YES;
				ENABLE_TESTABILITY = YES;
				GCC_C_LANGUAGE_STANDARD = gnu11;
				GCC_DYNAMIC_NO_PIC = NO;
				GCC_NO_COMMON_BLOCKS = YES;
				GCC_OPTIMIZATION_LEVEL = 0;
				GCC_PREPROCESSOR_DEFINITIONS = (
					"DEBUG=1",
					"$(inherited)",
				);
				GCC_WARN_64_TO_32_BIT_CONVERSION = YES;
				GCC_WARN_ABOUT_RETURN_TYPE = YES_ERROR;
				GCC_WARN_UNDECLARED_SELECTOR = YES;
				GCC_WARN_UNINITIALIZED_AUTOS = YES_AGGRESSIVE;
				GCC_WARN_UNUSED_FUNCTION = YES;
				GCC_WARN_UNUSED_VARIABLE = YES;
				IPHONEOS_DEPLOYMENT_TARGET = 14.0;
				MTL_ENABLE_DEBUG_INFO = INCLUDE_SOURCE;
				MTL_FAST_MATH = YES;
				ONLY_ACTIVE_ARCH = YES;
				SDKROOT = iphoneos;
				SWIFT_ACTIVE_COMPILATION_CONDITIONS = DEBUG;
				SWIFT_OPTIMIZATION_LEVEL = "-Onone";
			};
			name = Debug;
		};
		DFFF68F0252AB45D00C9A4D5 /* Release */ = {
			isa = XCBuildConfiguration;
			buildSettings = {
				ALWAYS_SEARCH_USER_PATHS = NO;
				CLANG_ANALYZER_NONNULL = YES;
				CLANG_ANALYZER_NUMBER_OBJECT_CONVERSION = YES_AGGRESSIVE;
				CLANG_CXX_LANGUAGE_STANDARD = "gnu++14";
				CLANG_CXX_LIBRARY = "libc++";
				CLANG_ENABLE_MODULES = YES;
				CLANG_ENABLE_OBJC_ARC = YES;
				CLANG_ENABLE_OBJC_WEAK = YES;
				CLANG_WARN_BLOCK_CAPTURE_AUTORELEASING = YES;
				CLANG_WARN_BOOL_CONVERSION = YES;
				CLANG_WARN_COMMA = YES;
				CLANG_WARN_CONSTANT_CONVERSION = YES;
				CLANG_WARN_DEPRECATED_OBJC_IMPLEMENTATIONS = YES;
				CLANG_WARN_DIRECT_OBJC_ISA_USAGE = YES_ERROR;
				CLANG_WARN_DOCUMENTATION_COMMENTS = YES;
				CLANG_WARN_EMPTY_BODY = YES;
				CLANG_WARN_ENUM_CONVERSION = YES;
				CLANG_WARN_INFINITE_RECURSION = YES;
				CLANG_WARN_INT_CONVERSION = YES;
				CLANG_WARN_NON_LITERAL_NULL_CONVERSION = YES;
				CLANG_WARN_OBJC_IMPLICIT_RETAIN_SELF = YES;
				CLANG_WARN_OBJC_LITERAL_CONVERSION = YES;
				CLANG_WARN_OBJC_ROOT_CLASS = YES_ERROR;
				CLANG_WARN_QUOTED_INCLUDE_IN_FRAMEWORK_HEADER = YES;
				CLANG_WARN_RANGE_LOOP_ANALYSIS = YES;
				CLANG_WARN_STRICT_PROTOTYPES = YES;
				CLANG_WARN_SUSPICIOUS_MOVE = YES;
				CLANG_WARN_UNGUARDED_AVAILABILITY = YES_AGGRESSIVE;
				CLANG_WARN_UNREACHABLE_CODE = YES;
				CLANG_WARN__DUPLICATE_METHOD_MATCH = YES;
				COPY_PHASE_STRIP = NO;
				DEBUG_INFORMATION_FORMAT = "dwarf-with-dsym";
				ENABLE_NS_ASSERTIONS = NO;
				ENABLE_STRICT_OBJC_MSGSEND = YES;
				GCC_C_LANGUAGE_STANDARD = gnu11;
				GCC_NO_COMMON_BLOCKS = YES;
				GCC_WARN_64_TO_32_BIT_CONVERSION = YES;
				GCC_WARN_ABOUT_RETURN_TYPE = YES_ERROR;
				GCC_WARN_UNDECLARED_SELECTOR = YES;
				GCC_WARN_UNINITIALIZED_AUTOS = YES_AGGRESSIVE;
				GCC_WARN_UNUSED_FUNCTION = YES;
				GCC_WARN_UNUSED_VARIABLE = YES;
				IPHONEOS_DEPLOYMENT_TARGET = 14.0;
				MTL_ENABLE_DEBUG_INFO = NO;
				MTL_FAST_MATH = YES;
				SDKROOT = iphoneos;
				SWIFT_COMPILATION_MODE = wholemodule;
				SWIFT_OPTIMIZATION_LEVEL = "-O";
				VALIDATE_PRODUCT = YES;
			};
			name = Release;
		};
		DFFF68F2252AB45D00C9A4D5 /* Debug */ = {
			isa = XCBuildConfiguration;
			buildSettings = {
				ASSETCATALOG_COMPILER_APPICON_NAME = AppIcon;
				ASSETCATALOG_COMPILER_GLOBAL_ACCENT_COLOR_NAME = AccentColor;
				CODE_SIGN_STYLE = Automatic;
				DEVELOPMENT_TEAM = JAG42X392K;
				INFOPLIST_FILE = Quizu2020/Info.plist;
				LD_RUNPATH_SEARCH_PATHS = (
					"$(inherited)",
					"@executable_path/Frameworks",
				);
				PRODUCT_BUNDLE_IDENTIFIER = anothercastle.Quizu2020;
				PRODUCT_NAME = "$(TARGET_NAME)";
				SWIFT_VERSION = 5.0;
				TARGETED_DEVICE_FAMILY = "1,2";
			};
			name = Debug;
		};
		DFFF68F3252AB45D00C9A4D5 /* Release */ = {
			isa = XCBuildConfiguration;
			buildSettings = {
				ASSETCATALOG_COMPILER_APPICON_NAME = AppIcon;
				ASSETCATALOG_COMPILER_GLOBAL_ACCENT_COLOR_NAME = AccentColor;
				CODE_SIGN_STYLE = Automatic;
				DEVELOPMENT_TEAM = JAG42X392K;
				INFOPLIST_FILE = Quizu2020/Info.plist;
				LD_RUNPATH_SEARCH_PATHS = (
					"$(inherited)",
					"@executable_path/Frameworks",
				);
				PRODUCT_BUNDLE_IDENTIFIER = anothercastle.Quizu2020;
				PRODUCT_NAME = "$(TARGET_NAME)";
				SWIFT_VERSION = 5.0;
				TARGETED_DEVICE_FAMILY = "1,2";
			};
			name = Release;
		};
		DFFF68F5252AB45D00C9A4D5 /* Debug */ = {
			isa = XCBuildConfiguration;
			buildSettings = {
				ALWAYS_EMBED_SWIFT_STANDARD_LIBRARIES = YES;
				BUNDLE_LOADER = "$(TEST_HOST)";
				CODE_SIGN_STYLE = Automatic;
				DEVELOPMENT_TEAM = JAG42X392K;
				INFOPLIST_FILE = Quizu2020Tests/Info.plist;
				IPHONEOS_DEPLOYMENT_TARGET = 14.0;
				LD_RUNPATH_SEARCH_PATHS = (
					"$(inherited)",
					"@executable_path/Frameworks",
					"@loader_path/Frameworks",
				);
				PRODUCT_BUNDLE_IDENTIFIER = anothercastle.Quizu2020Tests;
				PRODUCT_NAME = "$(TARGET_NAME)";
				SWIFT_VERSION = 5.0;
				TARGETED_DEVICE_FAMILY = "1,2";
				TEST_HOST = "$(BUILT_PRODUCTS_DIR)/Quizu2020.app/Quizu2020";
			};
			name = Debug;
		};
		DFFF68F6252AB45D00C9A4D5 /* Release */ = {
			isa = XCBuildConfiguration;
			buildSettings = {
				ALWAYS_EMBED_SWIFT_STANDARD_LIBRARIES = YES;
				BUNDLE_LOADER = "$(TEST_HOST)";
				CODE_SIGN_STYLE = Automatic;
				DEVELOPMENT_TEAM = JAG42X392K;
				INFOPLIST_FILE = Quizu2020Tests/Info.plist;
				IPHONEOS_DEPLOYMENT_TARGET = 14.0;
				LD_RUNPATH_SEARCH_PATHS = (
					"$(inherited)",
					"@executable_path/Frameworks",
					"@loader_path/Frameworks",
				);
				PRODUCT_BUNDLE_IDENTIFIER = anothercastle.Quizu2020Tests;
				PRODUCT_NAME = "$(TARGET_NAME)";
				SWIFT_VERSION = 5.0;
				TARGETED_DEVICE_FAMILY = "1,2";
				TEST_HOST = "$(BUILT_PRODUCTS_DIR)/Quizu2020.app/Quizu2020";
			};
			name = Release;
		};
		DFFF68F8252AB45D00C9A4D5 /* Debug */ = {
			isa = XCBuildConfiguration;
			buildSettings = {
				ALWAYS_EMBED_SWIFT_STANDARD_LIBRARIES = YES;
				CODE_SIGN_STYLE = Automatic;
				DEVELOPMENT_TEAM = JAG42X392K;
				INFOPLIST_FILE = Quizu2020UITests/Info.plist;
				LD_RUNPATH_SEARCH_PATHS = (
					"$(inherited)",
					"@executable_path/Frameworks",
					"@loader_path/Frameworks",
				);
				PRODUCT_BUNDLE_IDENTIFIER = anothercastle.Quizu2020UITests;
				PRODUCT_NAME = "$(TARGET_NAME)";
				SWIFT_VERSION = 5.0;
				TARGETED_DEVICE_FAMILY = "1,2";
				TEST_TARGET_NAME = Quizu2020;
			};
			name = Debug;
		};
		DFFF68F9252AB45D00C9A4D5 /* Release */ = {
			isa = XCBuildConfiguration;
			buildSettings = {
				ALWAYS_EMBED_SWIFT_STANDARD_LIBRARIES = YES;
				CODE_SIGN_STYLE = Automatic;
				DEVELOPMENT_TEAM = JAG42X392K;
				INFOPLIST_FILE = Quizu2020UITests/Info.plist;
				LD_RUNPATH_SEARCH_PATHS = (
					"$(inherited)",
					"@executable_path/Frameworks",
					"@loader_path/Frameworks",
				);
				PRODUCT_BUNDLE_IDENTIFIER = anothercastle.Quizu2020UITests;
				PRODUCT_NAME = "$(TARGET_NAME)";
				SWIFT_VERSION = 5.0;
				TARGETED_DEVICE_FAMILY = "1,2";
				TEST_TARGET_NAME = Quizu2020;
			};
			name = Release;
		};
/* End XCBuildConfiguration section */

/* Begin XCConfigurationList section */
		DFFF68C2252AB45B00C9A4D5 /* Build configuration list for PBXProject "Quizu2020" */ = {
			isa = XCConfigurationList;
			buildConfigurations = (
				DFFF68EF252AB45D00C9A4D5 /* Debug */,
				DFFF68F0252AB45D00C9A4D5 /* Release */,
			);
			defaultConfigurationIsVisible = 0;
			defaultConfigurationName = Release;
		};
		DFFF68F1252AB45D00C9A4D5 /* Build configuration list for PBXNativeTarget "Quizu2020" */ = {
			isa = XCConfigurationList;
			buildConfigurations = (
				DFFF68F2252AB45D00C9A4D5 /* Debug */,
				DFFF68F3252AB45D00C9A4D5 /* Release */,
			);
			defaultConfigurationIsVisible = 0;
			defaultConfigurationName = Release;
		};
		DFFF68F4252AB45D00C9A4D5 /* Build configuration list for PBXNativeTarget "Quizu2020Tests" */ = {
			isa = XCConfigurationList;
			buildConfigurations = (
				DFFF68F5252AB45D00C9A4D5 /* Debug */,
				DFFF68F6252AB45D00C9A4D5 /* Release */,
			);
			defaultConfigurationIsVisible = 0;
			defaultConfigurationName = Release;
		};
		DFFF68F7252AB45D00C9A4D5 /* Build configuration list for PBXNativeTarget "Quizu2020UITests" */ = {
			isa = XCConfigurationList;
			buildConfigurations = (
				DFFF68F8252AB45D00C9A4D5 /* Debug */,
				DFFF68F9252AB45D00C9A4D5 /* Release */,
			);
			defaultConfigurationIsVisible = 0;
			defaultConfigurationName = Release;
		};
/* End XCConfigurationList section */
	};
	rootObject = DFFF68BF252AB45B00C9A4D5 /* Project object */;
}
